
Microsoft Visual Studio Solution File, Format Version 12.00
# Visual Studio Version 16
VisualStudioVersion = 16.0.31515.178
MinimumVisualStudioVersion = 10.0.40219.1
Project("{9A19103F-16F7-4668-BE54-9A1E7A4F7556}") = "M001_01_HelloWorld", "M001_01_HelloWorld\M001_01_HelloWorld.csproj", "{15263926-0415-4132-8457-EC30DF485A9E}"
EndProject
Project("{9A19103F-16F7-4668-BE54-9A1E7A4F7556}") = "M002_01_Datentypen", "M002_01_Datentypen\M002_01_Datentypen.csproj", "{EAF4A58F-1741-4F28-9730-8DA77A410D0F}"
EndProject
Project("{9A19103F-16F7-4668-BE54-9A1E7A4F7556}") = "M002_02_Operatoren", "M002_02_Operatoren\M002_02_Operatoren.csproj", "{22A28E84-1FFF-4642-9441-C93E5360B28F}"
EndProject
Project("{2150E333-8FDC-42A3-9474-1A3956D46DE8}") = "Solution Items", "Solution Items", "{F7DEA9A7-2239-46CB-A6B9-94C3A6A88F64}"
	ProjectSection(SolutionItems) = preProject
		todo.txt = todo.txt
	EndProjectSection
EndProject
Project("{9A19103F-16F7-4668-BE54-9A1E7A4F7556}") = "M002_03_ParsenCasting", "M002_03_ParsenCasting\M002_03_ParsenCasting.csproj", "{CBF0BDAD-0D05-402F-B54B-0DC302AC88F2}"
EndProject
Project("{9A19103F-16F7-4668-BE54-9A1E7A4F7556}") = "M003_01_BoolischeLogik", "M001_01_BoolischeLogikl\M003_01_BoolischeLogik.csproj", "{5A029ADE-8FF2-4448-9EDE-327A7A7E8559}"
EndProject
Project("{9A19103F-16F7-4668-BE54-9A1E7A4F7556}") = "M003_02_Kontrollstrukturen", "M003_02_Kontrollstrukturen\M003_02_Kontrollstrukturen.csproj", "{C3FC7526-36F9-47D8-8083-2724B6BCACBD}"
EndProject
Project("{9A19103F-16F7-4668-BE54-9A1E7A4F7556}") = "M003_03_Schleifen", "M003_03_Schleifen\M003_03_Schleifen.csproj", "{02CF8B23-19EF-4DEC-81C7-2A665C00B9B7}"
EndProject
Project("{9A19103F-16F7-4668-BE54-9A1E7A4F7556}") = "M004_01_Arrays", "M004_01_Arrays\M004_01_Arrays.csproj", "{D57C158E-C098-433A-9489-4CE5A658B6A9}"
EndProject
Project("{9A19103F-16F7-4668-BE54-9A1E7A4F7556}") = "Lab_Lottospiel", "Lab_Lottospiel\Lab_Lottospiel.csproj", "{B6C73354-8C63-4C04-A881-E8099C07AFE9}"
EndProject
Project("{9A19103F-16F7-4668-BE54-9A1E7A4F7556}") = "M004_02_Enums", "M004_02_Enums\M004_02_Enums.csproj", "{064123D5-B83A-46B4-AD84-C912455E37FA}"
EndProject
Project("{9A19103F-16F7-4668-BE54-9A1E7A4F7556}") = "M005_01_StatischeMethoden", "M005_01_StatischeMethoden\M005_01_StatischeMethoden.csproj", "{5D62522C-BA4F-4D51-A75E-8669E559DEB6}"
EndProject
Project("{9A19103F-16F7-4668-BE54-9A1E7A4F7556}") = "M006_01_NamespacesKlassen", "M006_01_NamespacesKlassen\M006_01_NamespacesKlassen.csproj", "{FF49127E-D9AD-4853-83F2-9E9F19472A1C}"
EndProject
Project("{9A19103F-16F7-4668-BE54-9A1E7A4F7556}") = "M006_02_ClassFieldsProperties", "M006_02_ClassFieldsProperties\M006_02_ClassFieldsProperties.csproj", "{5BA1B88F-BB3B-4EAD-849A-F0A6CEF85BC7}"
EndProject
Project("{9A19103F-16F7-4668-BE54-9A1E7A4F7556}") = "WiederholungTag2_TheClass", "WiederholungTag2_TheClass\WiederholungTag2_TheClass.csproj", "{519FCA3C-F609-4761-8D40-E64DDD990F35}"
EndProject
Project("{9A19103F-16F7-4668-BE54-9A1E7A4F7556}") = "M006_03_PartialClass", "M006_03_PartialClass\M006_03_PartialClass.csproj", "{6C76E3FD-191F-4555-A6E0-ADC3785CBDFE}"
EndProject
Project("{9A19103F-16F7-4668-BE54-9A1E7A4F7556}") = "M006_03_PartialClass_InWinForms", "M006_03_PartialClass_InWinForms\M006_03_PartialClass_InWinForms.csproj", "{11C1BE1C-C31B-411D-9A26-DA6A50423604}"
EndProject
Project("{9A19103F-16F7-4668-BE54-9A1E7A4F7556}") = "M007_01_Object", "M007_01_Object\M007_01_Object.csproj", "{C07732B1-933C-436C-84CF-FA36CDF16641}"
EndProject
Project("{9A19103F-16F7-4668-BE54-9A1E7A4F7556}") = "M007_02_Methoden", "M007_02_Methoden\M007_02_Methoden.csproj", "{4CE1ACAC-B8D8-4D13-920F-26D20B80B0D2}"
EndProject
Project("{FAE04EC0-301F-11D3-BF4B-00C04F79EFBC}") = "M007_03_UsingSample", "M007_03_UsingSample\M007_03_UsingSample.csproj", "{78BE087F-17D3-413B-BBB6-64DE5CC2FB90}"
EndProject
Global
	GlobalSection(SolutionConfigurationPlatforms) = preSolution
		Debug|Any CPU = Debug|Any CPU
		Release|Any CPU = Release|Any CPU
	EndGlobalSection
	GlobalSection(ProjectConfigurationPlatforms) = postSolution
		{15263926-0415-4132-8457-EC30DF485A9E}.Debug|Any CPU.ActiveCfg = Debug|Any CPU
		{15263926-0415-4132-8457-EC30DF485A9E}.Debug|Any CPU.Build.0 = Debug|Any CPU
		{15263926-0415-4132-8457-EC30DF485A9E}.Release|Any CPU.ActiveCfg = Release|Any CPU
		{15263926-0415-4132-8457-EC30DF485A9E}.Release|Any CPU.Build.0 = Release|Any CPU
		{EAF4A58F-1741-4F28-9730-8DA77A410D0F}.Debug|Any CPU.ActiveCfg = Debug|Any CPU
		{EAF4A58F-1741-4F28-9730-8DA77A410D0F}.Debug|Any CPU.Build.0 = Debug|Any CPU
		{EAF4A58F-1741-4F28-9730-8DA77A410D0F}.Release|Any CPU.ActiveCfg = Release|Any CPU
		{EAF4A58F-1741-4F28-9730-8DA77A410D0F}.Release|Any CPU.Build.0 = Release|Any CPU
		{22A28E84-1FFF-4642-9441-C93E5360B28F}.Debug|Any CPU.ActiveCfg = Debug|Any CPU
		{22A28E84-1FFF-4642-9441-C93E5360B28F}.Debug|Any CPU.Build.0 = Debug|Any CPU
		{22A28E84-1FFF-4642-9441-C93E5360B28F}.Release|Any CPU.ActiveCfg = Release|Any CPU
		{22A28E84-1FFF-4642-9441-C93E5360B28F}.Release|Any CPU.Build.0 = Release|Any CPU
		{CBF0BDAD-0D05-402F-B54B-0DC302AC88F2}.Debug|Any CPU.ActiveCfg = Debug|Any CPU
		{CBF0BDAD-0D05-402F-B54B-0DC302AC88F2}.Debug|Any CPU.Build.0 = Debug|Any CPU
		{CBF0BDAD-0D05-402F-B54B-0DC302AC88F2}.Release|Any CPU.ActiveCfg = Release|Any CPU
		{CBF0BDAD-0D05-402F-B54B-0DC302AC88F2}.Release|Any CPU.Build.0 = Release|Any CPU
		{5A029ADE-8FF2-4448-9EDE-327A7A7E8559}.Debug|Any CPU.ActiveCfg = Debug|Any CPU
		{5A029ADE-8FF2-4448-9EDE-327A7A7E8559}.Debug|Any CPU.Build.0 = Debug|Any CPU
		{5A029ADE-8FF2-4448-9EDE-327A7A7E8559}.Release|Any CPU.ActiveCfg = Release|Any CPU
		{5A029ADE-8FF2-4448-9EDE-327A7A7E8559}.Release|Any CPU.Build.0 = Release|Any CPU
		{C3FC7526-36F9-47D8-8083-2724B6BCACBD}.Debug|Any CPU.ActiveCfg = Debug|Any CPU
		{C3FC7526-36F9-47D8-8083-2724B6BCACBD}.Debug|Any CPU.Build.0 = Debug|Any CPU
		{C3FC7526-36F9-47D8-8083-2724B6BCACBD}.Release|Any CPU.ActiveCfg = Release|Any CPU
		{C3FC7526-36F9-47D8-8083-2724B6BCACBD}.Release|Any CPU.Build.0 = Release|Any CPU
		{02CF8B23-19EF-4DEC-81C7-2A665C00B9B7}.Debug|Any CPU.ActiveCfg = Debug|Any CPU
		{02CF8B23-19EF-4DEC-81C7-2A665C00B9B7}.Debug|Any CPU.Build.0 = Debug|Any CPU
		{02CF8B23-19EF-4DEC-81C7-2A665C00B9B7}.Release|Any CPU.ActiveCfg = Release|Any CPU
		{02CF8B23-19EF-4DEC-81C7-2A665C00B9B7}.Release|Any CPU.Build.0 = Release|Any CPU
		{D57C158E-C098-433A-9489-4CE5A658B6A9}.Debug|Any CPU.ActiveCfg = Debug|Any CPU
		{D57C158E-C098-433A-9489-4CE5A658B6A9}.Debug|Any CPU.Build.0 = Debug|Any CPU
		{D57C158E-C098-433A-9489-4CE5A658B6A9}.Release|Any CPU.ActiveCfg = Release|Any CPU
		{D57C158E-C098-433A-9489-4CE5A658B6A9}.Release|Any CPU.Build.0 = Release|Any CPU
		{B6C73354-8C63-4C04-A881-E8099C07AFE9}.Debug|Any CPU.ActiveCfg = Debug|Any CPU
		{B6C73354-8C63-4C04-A881-E8099C07AFE9}.Debug|Any CPU.Build.0 = Debug|Any CPU
		{B6C73354-8C63-4C04-A881-E8099C07AFE9}.Release|Any CPU.ActiveCfg = Release|Any CPU
		{B6C73354-8C63-4C04-A881-E8099C07AFE9}.Release|Any CPU.Build.0 = Release|Any CPU
		{064123D5-B83A-46B4-AD84-C912455E37FA}.Debug|Any CPU.ActiveCfg = Debug|Any CPU
		{064123D5-B83A-46B4-AD84-C912455E37FA}.Debug|Any CPU.Build.0 = Debug|Any CPU
		{064123D5-B83A-46B4-AD84-C912455E37FA}.Release|Any CPU.ActiveCfg = Release|Any CPU
		{064123D5-B83A-46B4-AD84-C912455E37FA}.Release|Any CPU.Build.0 = Release|Any CPU
		{5D62522C-BA4F-4D51-A75E-8669E559DEB6}.Debug|Any CPU.ActiveCfg = Debug|Any CPU
		{5D62522C-BA4F-4D51-A75E-8669E559DEB6}.Debug|Any CPU.Build.0 = Debug|Any CPU
		{5D62522C-BA4F-4D51-A75E-8669E559DEB6}.Release|Any CPU.ActiveCfg = Release|Any CPU
		{5D62522C-BA4F-4D51-A75E-8669E559DEB6}.Release|Any CPU.Build.0 = Release|Any CPU
		{FF49127E-D9AD-4853-83F2-9E9F19472A1C}.Debug|Any CPU.ActiveCfg = Debug|Any CPU
		{FF49127E-D9AD-4853-83F2-9E9F19472A1C}.Debug|Any CPU.Build.0 = Debug|Any CPU
		{FF49127E-D9AD-4853-83F2-9E9F19472A1C}.Release|Any CPU.ActiveCfg = Release|Any CPU
		{FF49127E-D9AD-4853-83F2-9E9F19472A1C}.Release|Any CPU.Build.0 = Release|Any CPU
		{5BA1B88F-BB3B-4EAD-849A-F0A6CEF85BC7}.Debug|Any CPU.ActiveCfg = Debug|Any CPU
		{5BA1B88F-BB3B-4EAD-849A-F0A6CEF85BC7}.Debug|Any CPU.Build.0 = Debug|Any CPU
		{5BA1B88F-BB3B-4EAD-849A-F0A6CEF85BC7}.Release|Any CPU.ActiveCfg = Release|Any CPU
		{5BA1B88F-BB3B-4EAD-849A-F0A6CEF85BC7}.Release|Any CPU.Build.0 = Release|Any CPU
		{519FCA3C-F609-4761-8D40-E64DDD990F35}.Debug|Any CPU.ActiveCfg = Debug|Any CPU
		{519FCA3C-F609-4761-8D40-E64DDD990F35}.Debug|Any CPU.Build.0 = Debug|Any CPU
		{519FCA3C-F609-4761-8D40-E64DDD990F35}.Release|Any CPU.ActiveCfg = Release|Any CPU
		{519FCA3C-F609-4761-8D40-E64DDD990F35}.Release|Any CPU.Build.0 = Release|Any CPU
		{6C76E3FD-191F-4555-A6E0-ADC3785CBDFE}.Debug|Any CPU.ActiveCfg = Debug|Any CPU
		{6C76E3FD-191F-4555-A6E0-ADC3785CBDFE}.Debug|Any CPU.Build.0 = Debug|Any CPU
		{6C76E3FD-191F-4555-A6E0-ADC3785CBDFE}.Release|Any CPU.ActiveCfg = Release|Any CPU
		{6C76E3FD-191F-4555-A6E0-ADC3785CBDFE}.Release|Any CPU.Build.0 = Release|Any CPU
		{11C1BE1C-C31B-411D-9A26-DA6A50423604}.Debug|Any CPU.ActiveCfg = Debug|Any CPU
		{11C1BE1C-C31B-411D-9A26-DA6A50423604}.Debug|Any CPU.Build.0 = Debug|Any CPU
		{11C1BE1C-C31B-411D-9A26-DA6A50423604}.Release|Any CPU.ActiveCfg = Release|Any CPU
		{11C1BE1C-C31B-411D-9A26-DA6A50423604}.Release|Any CPU.Build.0 = Release|Any CPU
		{C07732B1-933C-436C-84CF-FA36CDF16641}.Debug|Any CPU.ActiveCfg = Debug|Any CPU
		{C07732B1-933C-436C-84CF-FA36CDF16641}.Debug|Any CPU.Build.0 = Debug|Any CPU
		{C07732B1-933C-436C-84CF-FA36CDF16641}.Release|Any CPU.ActiveCfg = Release|Any CPU
		{C07732B1-933C-436C-84CF-FA36CDF16641}.Release|Any CPU.Build.0 = Release|Any CPU
		{4CE1ACAC-B8D8-4D13-920F-26D20B80B0D2}.Debug|Any CPU.ActiveCfg = Debug|Any CPU
		{4CE1ACAC-B8D8-4D13-920F-26D20B80B0D2}.Debug|Any CPU.Build.0 = Debug|Any CPU
		{4CE1ACAC-B8D8-4D13-920F-26D20B80B0D2}.Release|Any CPU.ActiveCfg = Release|Any CPU
		{4CE1ACAC-B8D8-4D13-920F-26D20B80B0D2}.Release|Any CPU.Build.0 = Release|Any CPU
		{78BE087F-17D3-413B-BBB6-64DE5CC2FB90}.Debug|Any CPU.ActiveCfg = Debug|Any CPU
		{78BE087F-17D3-413B-BBB6-64DE5CC2FB90}.Debug|Any CPU.Build.0 = Debug|Any CPU
		{78BE087F-17D3-413B-BBB6-64DE5CC2FB90}.Release|Any CPU.ActiveCfg = Release|Any CPU
		{78BE087F-17D3-413B-BBB6-64DE5CC2FB90}.Release|Any CPU.Build.0 = Release|Any CPU
	EndGlobalSection
	GlobalSection(SolutionProperties) = preSolution
		HideSolutionNode = FALSE
	EndGlobalSection
	GlobalSection(ExtensibilityGlobals) = postSolution
		SolutionGuid = {801B1CA2-8242-4E47-9456-2B1786FF9D4C}
	EndGlobalSection
EndGlobal
